
Microsoft Visual Studio Solution File, Format Version 12.00
# Visual Studio 14
VisualStudioVersion = 14.0.25420.1
MinimumVisualStudioVersion = 10.0.40219.1
Project("{FAE04EC0-301F-11D3-BF4B-00C04F79EFBC}") = "Unipay-UI", "Unipay-UI\Unipay-UI.csproj", "{94560D9D-91CB-49ED-B4FB-D8660B89E8E9}"
EndProject
Project("{FAE04EC0-301F-11D3-BF4B-00C04F79EFBC}") = "Unipay-Lib", "Unipay-Lib\Unipay-Lib.csproj", "{022B5C0B-9C0C-49FE-B551-5090BE8B778E}"
EndProject
Project("{FAE04EC0-301F-11D3-BF4B-00C04F79EFBC}") = "Unipay-Test", "Unipay-Test\Unipay-Test.csproj", "{38B64EEE-E77B-4889-BDB7-E39C5B5A2A2E}"
EndProject
Project("{FAE04EC0-301F-11D3-BF4B-00C04F79EFBC}") = "Excel", "Excel\Excel.csproj", "{7CFF76B0-8947-4D04-817D-414CBE1FA8CD}"
EndProject
Global
	GlobalSection(SolutionConfigurationPlatforms) = preSolution
		Debug|Any CPU = Debug|Any CPU
		Release|Any CPU = Release|Any CPU
	EndGlobalSection
	GlobalSection(ProjectConfigurationPlatforms) = postSolution
		{94560D9D-91CB-49ED-B4FB-D8660B89E8E9}.Debug|Any CPU.ActiveCfg = Debug|Any CPU
		{94560D9D-91CB-49ED-B4FB-D8660B89E8E9}.Debug|Any CPU.Build.0 = Debug|Any CPU
		{94560D9D-91CB-49ED-B4FB-D8660B89E8E9}.Release|Any CPU.ActiveCfg = Release|Any CPU
		{94560D9D-91CB-49ED-B4FB-D8660B89E8E9}.Release|Any CPU.Build.0 = Release|Any CPU
		{022B5C0B-9C0C-49FE-B551-5090BE8B778E}.Debug|Any CPU.ActiveCfg = Debug|Any CPU
		{022B5C0B-9C0C-49FE-B551-5090BE8B778E}.Debug|Any CPU.Build.0 = Debug|Any CPU
		{022B5C0B-9C0C-49FE-B551-5090BE8B778E}.Release|Any CPU.ActiveCfg = Release|Any CPU
		{022B5C0B-9C0C-49FE-B551-5090BE8B778E}.Release|Any CPU.Build.0 = Release|Any CPU
		{38B64EEE-E77B-4889-BDB7-E39C5B5A2A2E}.Debug|Any CPU.ActiveCfg = Debug|Any CPU
		{38B64EEE-E77B-4889-BDB7-E39C5B5A2A2E}.Debug|Any CPU.Build.0 = Debug|Any CPU
		{38B64EEE-E77B-4889-BDB7-E39C5B5A2A2E}.Release|Any CPU.ActiveCfg = Release|Any CPU
		{38B64EEE-E77B-4889-BDB7-E39C5B5A2A2E}.Release|Any CPU.Build.0 = Release|Any CPU
		{7CFF76B0-8947-4D04-817D-414CBE1FA8CD}.Debug|Any CPU.ActiveCfg = Debug|Any CPU
		{7CFF76B0-8947-4D04-817D-414CBE1FA8CD}.Debug|Any CPU.Build.0 = Debug|Any CPU
		{7CFF76B0-8947-4D04-817D-414CBE1FA8CD}.Release|Any CPU.ActiveCfg = Release|Any CPU
		{7CFF76B0-8947-4D04-817D-414CBE1FA8CD}.Release|Any CPU.Build.0 = Release|Any CPU
	EndGlobalSection
	GlobalSection(SolutionProperties) = preSolution
		HideSolutionNode = FALSE
	EndGlobalSection
EndGlobal
